
Microsoft Visual Studio Solution File, Format Version 12.00
# Visual Studio 2013
VisualStudioVersion = 12.0.21005.1
MinimumVisualStudioVersion = 10.0.40219.1
Project("{F184B08F-C81C-45F6-A57F-5ABD9991F28F}") = "ch5-helllo1000", "ch5-helllo1000\ch5-helllo1000.vbproj", "{CC64D043-33C3-4934-B96B-7666ED17093B}"
EndProject
Global
	GlobalSection(SolutionConfigurationPlatforms) = preSolution
		Debug|Any CPU = Debug|Any CPU
		Release|Any CPU = Release|Any CPU
	EndGlobalSection
	GlobalSection(ProjectConfigurationPlatforms) = postSolution
		{CC64D043-33C3-4934-B96B-7666ED17093B}.Debug|Any CPU.ActiveCfg = Debug|Any CPU
		{CC64D043-33C3-4934-B96B-7666ED17093B}.Debug|Any CPU.Build.0 = Debug|Any CPU
		{CC64D043-33C3-4934-B96B-7666ED17093B}.Release|Any CPU.ActiveCfg = Release|Any CPU
		{CC64D043-33C3-4934-B96B-7666ED17093B}.Release|Any CPU.Build.0 = Release|Any CPU
	EndGlobalSection
	GlobalSection(SolutionProperties) = preSolution
		HideSolutionNode = FALSE
	EndGlobalSection
EndGlobal
